// !$*UTF8*$!
{
	archiveVersion = 1;
	classes = {
	};
	objectVersion = 46;
	objects = {

/* Begin PBXBuildFile section */
		5617FA071EB2F20E00FF6CFC /* EasyNetworkService.swift in Sources */ = {isa = PBXBuildFile; fileRef = 5617FA061EB2F20E00FF6CFC /* EasyNetworkService.swift */; };
		5617FA091EB30F6A00FF6CFC /* NetworkOperation.swift in Sources */ = {isa = PBXBuildFile; fileRef = 5617FA081EB30F6A00FF6CFC /* NetworkOperation.swift */; };
		5617FA0B1EB3102800FF6CFC /* NetworkQueue.swift in Sources */ = {isa = PBXBuildFile; fileRef = 5617FA0A1EB3102800FF6CFC /* NetworkQueue.swift */; };
		5617FA0E1EB3110900FF6CFC /* SignUpRequest.swift in Sources */ = {isa = PBXBuildFile; fileRef = 5617FA0D1EB3110900FF6CFC /* SignUpRequest.swift */; };
		5617FA111EB3112F00FF6CFC /* SignInOperation.swift in Sources */ = {isa = PBXBuildFile; fileRef = 5617FA101EB3112F00FF6CFC /* SignInOperation.swift */; };
		5617FA131EB3117700FF6CFC /* ServiceOperation.swift in Sources */ = {isa = PBXBuildFile; fileRef = 5617FA121EB3117700FF6CFC /* ServiceOperation.swift */; };
		5617FA171EB312A100FF6CFC /* ParsedItem.swift in Sources */ = {isa = PBXBuildFile; fileRef = 5617FA161EB312A100FF6CFC /* ParsedItem.swift */; };
		5617FA191EB312E700FF6CFC /* SignInItem.swift in Sources */ = {isa = PBXBuildFile; fileRef = 5617FA181EB312E700FF6CFC /* SignInItem.swift */; };
		5617FA1B1EB314E400FF6CFC /* ArrayResponseMapper.swift in Sources */ = {isa = PBXBuildFile; fileRef = 5617FA1A1EB314E400FF6CFC /* ArrayResponseMapper.swift */; };
		5617FA1D1EB3150000FF6CFC /* ResponseMapper.swift in Sources */ = {isa = PBXBuildFile; fileRef = 5617FA1C1EB3150000FF6CFC /* ResponseMapper.swift */; };
		5617FA201EB315A900FF6CFC /* SignInResponseMapper.swift in Sources */ = {isa = PBXBuildFile; fileRef = 5617FA1F1EB315A900FF6CFC /* SignInResponseMapper.swift */; };
		5617FA221EB3162200FF6CFC /* NSError+Failure.swift in Sources */ = {isa = PBXBuildFile; fileRef = 5617FA211EB3162200FF6CFC /* NSError+Failure.swift */; };
		5617FA241EB319DA00FF6CFC /* EasyNetworkConfiguration.swift in Sources */ = {isa = PBXBuildFile; fileRef = 5617FA231EB319DA00FF6CFC /* EasyNetworkConfiguration.swift */; };
		567B38911EB2DE2A0069EBFD /* AppDelegate.swift in Sources */ = {isa = PBXBuildFile; fileRef = 567B38901EB2DE2A0069EBFD /* AppDelegate.swift */; };
		567B38931EB2DE2A0069EBFD /* ViewController.swift in Sources */ = {isa = PBXBuildFile; fileRef = 567B38921EB2DE2A0069EBFD /* ViewController.swift */; };
		567B38961EB2DE2A0069EBFD /* Main.storyboard in Resources */ = {isa = PBXBuildFile; fileRef = 567B38941EB2DE2A0069EBFD /* Main.storyboard */; };
		567B38981EB2DE2A0069EBFD /* Assets.xcassets in Resources */ = {isa = PBXBuildFile; fileRef = 567B38971EB2DE2A0069EBFD /* Assets.xcassets */; };
		567B389B1EB2DE2A0069EBFD /* LaunchScreen.storyboard in Resources */ = {isa = PBXBuildFile; fileRef = 567B38991EB2DE2A0069EBFD /* LaunchScreen.storyboard */; };
		567B38A91EB2DFA30069EBFD /* HostConfiguration.swift in Sources */ = {isa = PBXBuildFile; fileRef = 567B38A81EB2DFA30069EBFD /* HostConfiguration.swift */; };
		567B38AC1EB2E0E50069EBFD /* NetworkService.swift in Sources */ = {isa = PBXBuildFile; fileRef = 567B38AB1EB2E0E50069EBFD /* NetworkService.swift */; };
		567B38AE1EB2E1700069EBFD /* BaseAPIRequest.swift in Sources */ = {isa = PBXBuildFile; fileRef = 567B38AD1EB2E1700069EBFD /* BaseAPIRequest.swift */; };
/* End PBXBuildFile section */

/* Begin PBXFileReference section */
		5617FA061EB2F20E00FF6CFC /* EasyNetworkService.swift */ = {isa = PBXFileReference; fileEncoding = 4; lastKnownFileType = sourcecode.swift; path = EasyNetworkService.swift; sourceTree = "<group>"; };
		5617FA081EB30F6A00FF6CFC /* NetworkOperation.swift */ = {isa = PBXFileReference; fileEncoding = 4; lastKnownFileType = sourcecode.swift; path = NetworkOperation.swift; sourceTree = "<group>"; };
		5617FA0A1EB3102800FF6CFC /* NetworkQueue.swift */ = {isa = PBXFileReference; fileEncoding = 4; lastKnownFileType = sourcecode.swift; path = NetworkQueue.swift; sourceTree = "<group>"; };
		5617FA0D1EB3110900FF6CFC /* SignUpRequest.swift */ = {isa = PBXFileReference; fileEncoding = 4; lastKnownFileType = sourcecode.swift; path = SignUpRequest.swift; sourceTree = "<group>"; };
		5617FA101EB3112F00FF6CFC /* SignInOperation.swift */ = {isa = PBXFileReference; fileEncoding = 4; lastKnownFileType = sourcecode.swift; path = SignInOperation.swift; sourceTree = "<group>"; };
		5617FA121EB3117700FF6CFC /* ServiceOperation.swift */ = {isa = PBXFileReference; fileEncoding = 4; lastKnownFileType = sourcecode.swift; path = ServiceOperation.swift; sourceTree = "<group>"; };
		5617FA161EB312A100FF6CFC /* ParsedItem.swift */ = {isa = PBXFileReference; fileEncoding = 4; lastKnownFileType = sourcecode.swift; path = ParsedItem.swift; sourceTree = "<group>"; };
		5617FA181EB312E700FF6CFC /* SignInItem.swift */ = {isa = PBXFileReference; fileEncoding = 4; lastKnownFileType = sourcecode.swift; path = SignInItem.swift; sourceTree = "<group>"; };
		5617FA1A1EB314E400FF6CFC /* ArrayResponseMapper.swift */ = {isa = PBXFileReference; fileEncoding = 4; lastKnownFileType = sourcecode.swift; path = ArrayResponseMapper.swift; sourceTree = "<group>"; };
		5617FA1C1EB3150000FF6CFC /* ResponseMapper.swift */ = {isa = PBXFileReference; fileEncoding = 4; lastKnownFileType = sourcecode.swift; path = ResponseMapper.swift; sourceTree = "<group>"; };
		5617FA1F1EB315A900FF6CFC /* SignInResponseMapper.swift */ = {isa = PBXFileReference; fileEncoding = 4; lastKnownFileType = sourcecode.swift; path = SignInResponseMapper.swift; sourceTree = "<group>"; };
		5617FA211EB3162200FF6CFC /* NSError+Failure.swift */ = {isa = PBXFileReference; fileEncoding = 4; lastKnownFileType = sourcecode.swift; path = "NSError+Failure.swift"; sourceTree = "<group>"; };
		5617FA231EB319DA00FF6CFC /* EasyNetworkConfiguration.swift */ = {isa = PBXFileReference; fileEncoding = 4; lastKnownFileType = sourcecode.swift; path = EasyNetworkConfiguration.swift; sourceTree = "<group>"; };
		567B388D1EB2DE2A0069EBFD /* EasyNetwork.app */ = {isa = PBXFileReference; explicitFileType = wrapper.application; includeInIndex = 0; path = EasyNetwork.app; sourceTree = BUILT_PRODUCTS_DIR; };
		567B38901EB2DE2A0069EBFD /* AppDelegate.swift */ = {isa = PBXFileReference; lastKnownFileType = sourcecode.swift; path = AppDelegate.swift; sourceTree = "<group>"; };
		567B38921EB2DE2A0069EBFD /* ViewController.swift */ = {isa = PBXFileReference; lastKnownFileType = sourcecode.swift; path = ViewController.swift; sourceTree = "<group>"; };
		567B38951EB2DE2A0069EBFD /* Base */ = {isa = PBXFileReference; lastKnownFileType = file.storyboard; name = Base; path = Base.lproj/Main.storyboard; sourceTree = "<group>"; };
		567B38971EB2DE2A0069EBFD /* Assets.xcassets */ = {isa = PBXFileReference; lastKnownFileType = folder.assetcatalog; path = Assets.xcassets; sourceTree = "<group>"; };
		567B389A1EB2DE2A0069EBFD /* Base */ = {isa = PBXFileReference; lastKnownFileType = file.storyboard; name = Base; path = Base.lproj/LaunchScreen.storyboard; sourceTree = "<group>"; };
		567B389C1EB2DE2A0069EBFD /* Info.plist */ = {isa = PBXFileReference; lastKnownFileType = text.plist.xml; path = Info.plist; sourceTree = "<group>"; };
		567B38A81EB2DFA30069EBFD /* HostConfiguration.swift */ = {isa = PBXFileReference; fileEncoding = 4; lastKnownFileType = sourcecode.swift; path = HostConfiguration.swift; sourceTree = "<group>"; };
		567B38AB1EB2E0E50069EBFD /* NetworkService.swift */ = {isa = PBXFileReference; fileEncoding = 4; lastKnownFileType = sourcecode.swift; path = NetworkService.swift; sourceTree = "<group>"; };
		567B38AD1EB2E1700069EBFD /* BaseAPIRequest.swift */ = {isa = PBXFileReference; fileEncoding = 4; lastKnownFileType = sourcecode.swift; path = BaseAPIRequest.swift; sourceTree = "<group>"; };
/* End PBXFileReference section */

/* Begin PBXFrameworksBuildPhase section */
		567B388A1EB2DE2A0069EBFD /* Frameworks */ = {
			isa = PBXFrameworksBuildPhase;
			buildActionMask = 2147483647;
			files = (
			);
			runOnlyForDeploymentPostprocessing = 0;
		};
/* End PBXFrameworksBuildPhase section */

/* Begin PBXGroup section */
		5617FA0C1EB3110900FF6CFC /* Requests */ = {
			isa = PBXGroup;
			children = (
				5617FA0D1EB3110900FF6CFC /* SignUpRequest.swift */,
			);
			path = Requests;
			sourceTree = "<group>";
		};
		5617FA0F1EB3110F00FF6CFC /* Operations */ = {
			isa = PBXGroup;
			children = (
				5617FA101EB3112F00FF6CFC /* SignInOperation.swift */,
			);
			path = Operations;
			sourceTree = "<group>";
		};
		5617FA151EB3129B00FF6CFC /* Items */ = {
			isa = PBXGroup;
			children = (
				5617FA161EB312A100FF6CFC /* ParsedItem.swift */,
				5617FA181EB312E700FF6CFC /* SignInItem.swift */,
			);
			path = Items;
			sourceTree = "<group>";
		};
		5617FA1E1EB3158700FF6CFC /* Mapper */ = {
			isa = PBXGroup;
			children = (
				5617FA1F1EB315A900FF6CFC /* SignInResponseMapper.swift */,
			);
			path = Mapper;
			sourceTree = "<group>";
		};
		567B38841EB2DE2A0069EBFD = {
			isa = PBXGroup;
			children = (
				567B388F1EB2DE2A0069EBFD /* EasyNetwork */,
				567B388E1EB2DE2A0069EBFD /* Products */,
			);
			sourceTree = "<group>";
		};
		567B388E1EB2DE2A0069EBFD /* Products */ = {
			isa = PBXGroup;
			children = (
				567B388D1EB2DE2A0069EBFD /* EasyNetwork.app */,
			);
			name = Products;
			sourceTree = "<group>";
		};
		567B388F1EB2DE2A0069EBFD /* EasyNetwork */ = {
			isa = PBXGroup;
			children = (
				567B38A21EB2DE9F0069EBFD /* Network */,
				567B38901EB2DE2A0069EBFD /* AppDelegate.swift */,
				567B38921EB2DE2A0069EBFD /* ViewController.swift */,
				5617FA231EB319DA00FF6CFC /* EasyNetworkConfiguration.swift */,
				567B38941EB2DE2A0069EBFD /* Main.storyboard */,
				567B38971EB2DE2A0069EBFD /* Assets.xcassets */,
				567B38991EB2DE2A0069EBFD /* LaunchScreen.storyboard */,
				567B389C1EB2DE2A0069EBFD /* Info.plist */,
			);
			path = EasyNetwork;
			sourceTree = "<group>";
		};
		567B38A21EB2DE9F0069EBFD /* Network */ = {
			isa = PBXGroup;
			children = (
				5617FA1E1EB3158700FF6CFC /* Mapper */,
				5617FA151EB3129B00FF6CFC /* Items */,
				5617FA0F1EB3110F00FF6CFC /* Operations */,
				5617FA0C1EB3110900FF6CFC /* Requests */,
				567B38AA1EB2E0BB0069EBFD /* Core */,
				567B38A31EB2DEEA0069EBFD /* Base */,
			);
			path = Network;
			sourceTree = "<group>";
		};
		567B38A31EB2DEEA0069EBFD /* Base */ = {
			isa = PBXGroup;
			children = (
				567B38A81EB2DFA30069EBFD /* HostConfiguration.swift */,
				567B38AD1EB2E1700069EBFD /* BaseAPIRequest.swift */,
				5617FA061EB2F20E00FF6CFC /* EasyNetworkService.swift */,
				5617FA121EB3117700FF6CFC /* ServiceOperation.swift */,
			);
			path = Base;
			sourceTree = "<group>";
		};
		567B38AA1EB2E0BB0069EBFD /* Core */ = {
			isa = PBXGroup;
			children = (
				567B38AB1EB2E0E50069EBFD /* NetworkService.swift */,
				5617FA081EB30F6A00FF6CFC /* NetworkOperation.swift */,
				5617FA0A1EB3102800FF6CFC /* NetworkQueue.swift */,
				5617FA1A1EB314E400FF6CFC /* ArrayResponseMapper.swift */,
				5617FA1C1EB3150000FF6CFC /* ResponseMapper.swift */,
				5617FA211EB3162200FF6CFC /* NSError+Failure.swift */,
			);
			path = Core;
			sourceTree = "<group>";
		};
/* End PBXGroup section */

/* Begin PBXNativeTarget section */
		567B388C1EB2DE2A0069EBFD /* EasyNetwork */ = {
			isa = PBXNativeTarget;
			buildConfigurationList = 567B389F1EB2DE2A0069EBFD /* Build configuration list for PBXNativeTarget "EasyNetwork" */;
			buildPhases = (
				567B38891EB2DE2A0069EBFD /* Sources */,
				567B388A1EB2DE2A0069EBFD /* Frameworks */,
				567B388B1EB2DE2A0069EBFD /* Resources */,
			);
			buildRules = (
			);
			dependencies = (
			);
			name = EasyNetwork;
			productName = EasyNetwork;
			productReference = 567B388D1EB2DE2A0069EBFD /* EasyNetwork.app */;
			productType = "com.apple.product-type.application";
		};
/* End PBXNativeTarget section */

/* Begin PBXProject section */
		567B38851EB2DE2A0069EBFD /* Project object */ = {
			isa = PBXProject;
			attributes = {
				LastSwiftUpdateCheck = 0830;
				LastUpgradeCheck = 0830;
				ORGANIZATIONNAME = ppsheep;
				TargetAttributes = {
					567B388C1EB2DE2A0069EBFD = {
						CreatedOnToolsVersion = 8.3.2;
						DevelopmentTeam = TZ3GAYPH77;
						ProvisioningStyle = Automatic;
					};
				};
			};
			buildConfigurationList = 567B38881EB2DE2A0069EBFD /* Build configuration list for PBXProject "EasyNetwork" */;
			compatibilityVersion = "Xcode 3.2";
			developmentRegion = English;
			hasScannedForEncodings = 0;
			knownRegions = (
				en,
				Base,
			);
			mainGroup = 567B38841EB2DE2A0069EBFD;
			productRefGroup = 567B388E1EB2DE2A0069EBFD /* Products */;
			projectDirPath = "";
			projectRoot = "";
			targets = (
				567B388C1EB2DE2A0069EBFD /* EasyNetwork */,
			);
		};
/* End PBXProject section */

/* Begin PBXResourcesBuildPhase section */
		567B388B1EB2DE2A0069EBFD /* Resources */ = {
			isa = PBXResourcesBuildPhase;
			buildActionMask = 2147483647;
			files = (
				567B389B1EB2DE2A0069EBFD /* LaunchScreen.storyboard in Resources */,
				567B38981EB2DE2A0069EBFD /* Assets.xcassets in Resources */,
				567B38961EB2DE2A0069EBFD /* Main.storyboard in Resources */,
			);
			runOnlyForDeploymentPostprocessing = 0;
		};
/* End PBXResourcesBuildPhase section */

/* Begin PBXSourcesBuildPhase section */
		567B38891EB2DE2A0069EBFD /* Sources */ = {
			isa = PBXSourcesBuildPhase;
			buildActionMask = 2147483647;
			files = (
				567B38AE1EB2E1700069EBFD /* BaseAPIRequest.swift in Sources */,
				5617FA221EB3162200FF6CFC /* NSError+Failure.swift in Sources */,
				5617FA201EB315A900FF6CFC /* SignInResponseMapper.swift in Sources */,
				5617FA071EB2F20E00FF6CFC /* EasyNetworkService.swift in Sources */,
				567B38931EB2DE2A0069EBFD /* ViewController.swift in Sources */,
				5617FA1B1EB314E400FF6CFC /* ArrayResponseMapper.swift in Sources */,
				5617FA131EB3117700FF6CFC /* ServiceOperation.swift in Sources */,
				567B38911EB2DE2A0069EBFD /* AppDelegate.swift in Sources */,
				5617FA1D1EB3150000FF6CFC /* ResponseMapper.swift in Sources */,
				5617FA171EB312A100FF6CFC /* ParsedItem.swift in Sources */,
				5617FA191EB312E700FF6CFC /* SignInItem.swift in Sources */,
				5617FA091EB30F6A00FF6CFC /* NetworkOperation.swift in Sources */,
				5617FA0E1EB3110900FF6CFC /* SignUpRequest.swift in Sources */,
				5617FA0B1EB3102800FF6CFC /* NetworkQueue.swift in Sources */,
				567B38AC1EB2E0E50069EBFD /* NetworkService.swift in Sources */,
				5617FA241EB319DA00FF6CFC /* EasyNetworkConfiguration.swift in Sources */,
				567B38A91EB2DFA30069EBFD /* HostConfiguration.swift in Sources */,
				5617FA111EB3112F00FF6CFC /* SignInOperation.swift in Sources */,
			);
			runOnlyForDeploymentPostprocessing = 0;
		};
/* End PBXSourcesBuildPhase section */

/* Begin PBXVariantGroup section */
		567B38941EB2DE2A0069EBFD /* Main.storyboard */ = {
			isa = PBXVariantGroup;
			children = (
				567B38951EB2DE2A0069EBFD /* Base */,
			);
			name = Main.storyboard;
			sourceTree = "<group>";
		};
		567B38991EB2DE2A0069EBFD /* LaunchScreen.storyboard */ = {
			isa = PBXVariantGroup;
			children = (
				567B389A1EB2DE2A0069EBFD /* Base */,
			);
			name = LaunchScreen.storyboard;
			sourceTree = "<group>";
		};
/* End PBXVariantGroup section */

/* Begin XCBuildConfiguration section */
		567B389D1EB2DE2A0069EBFD /* Debug */ = {
			isa = XCBuildConfiguration;
			buildSettings = {
				ALWAYS_SEARCH_USER_PATHS = NO;
				CLANG_ANALYZER_NONNULL = YES;
				CLANG_ANALYZER_NUMBER_OBJECT_CONVERSION = YES_AGGRESSIVE;
				CLANG_CXX_LANGUAGE_STANDARD = "gnu++0x";
				CLANG_CXX_LIBRARY = "libc++";
				CLANG_ENABLE_MODULES = YES;
				CLANG_ENABLE_OBJC_ARC = YES;
				CLANG_WARN_BOOL_CONVERSION = YES;
				CLANG_WARN_CONSTANT_CONVERSION = YES;
				CLANG_WARN_DIRECT_OBJC_ISA_USAGE = YES_ERROR;
				CLANG_WARN_DOCUMENTATION_COMMENTS = YES;
				CLANG_WARN_EMPTY_BODY = YES;
				CLANG_WARN_ENUM_CONVERSION = YES;
				CLANG_WARN_INFINITE_RECURSION = YES;
				CLANG_WARN_INT_CONVERSION = YES;
				CLANG_WARN_OBJC_ROOT_CLASS = YES_ERROR;
				CLANG_WARN_SUSPICIOUS_MOVE = YES;
				CLANG_WARN_UNREACHABLE_CODE = YES;
				CLANG_WARN__DUPLICATE_METHOD_MATCH = YES;
				"CODE_SIGN_IDENTITY[sdk=iphoneos*]" = "iPhone Developer";
				COPY_PHASE_STRIP = NO;
				DEBUG_INFORMATION_FORMAT = dwarf;
				ENABLE_STRICT_OBJC_MSGSEND = YES;
				ENABLE_TESTABILITY = YES;
				GCC_C_LANGUAGE_STANDARD = gnu99;
				GCC_DYNAMIC_NO_PIC = NO;
				GCC_NO_COMMON_BLOCKS = YES;
				GCC_OPTIMIZATION_LEVEL = 0;
				GCC_PREPROCESSOR_DEFINITIONS = (
					"DEBUG=1",
					"$(inherited)",
				);
				GCC_WARN_64_TO_32_BIT_CONVERSION = YES;
				GCC_WARN_ABOUT_RETURN_TYPE = YES_ERROR;
				GCC_WARN_UNDECLARED_SELECTOR = YES;
				GCC_WARN_UNINITIALIZED_AUTOS = YES_AGGRESSIVE;
				GCC_WARN_UNUSED_FUNCTION = YES;
				GCC_WARN_UNUSED_VARIABLE = YES;
				IPHONEOS_DEPLOYMENT_TARGET = 10.3;
				MTL_ENABLE_DEBUG_INFO = YES;
				ONLY_ACTIVE_ARCH = YES;
				SDKROOT = iphoneos;
				SWIFT_ACTIVE_COMPILATION_CONDITIONS = DEBUG;
				SWIFT_OPTIMIZATION_LEVEL = "-Onone";
				TARGETED_DEVICE_FAMILY = "1,2";
			};
			name = Debug;
		};
		567B389E1EB2DE2A0069EBFD /* Release */ = {
			isa = XCBuildConfiguration;
			buildSettings = {
				ALWAYS_SEARCH_USER_PATHS = NO;
				CLANG_ANALYZER_NONNULL = YES;
				CLANG_ANALYZER_NUMBER_OBJECT_CONVERSION = YES_AGGRESSIVE;
				CLANG_CXX_LANGUAGE_STANDARD = "gnu++0x";
				CLANG_CXX_LIBRARY = "libc++";
				CLANG_ENABLE_MODULES = YES;
				CLANG_ENABLE_OBJC_ARC = YES;
				CLANG_WARN_BOOL_CONVERSION = YES;
				CLANG_WARN_CONSTANT_CONVERSION = YES;
				CLANG_WARN_DIRECT_OBJC_ISA_USAGE = YES_ERROR;
				CLANG_WARN_DOCUMENTATION_COMMENTS = YES;
				CLANG_WARN_EMPTY_BODY = YES;
				CLANG_WARN_ENUM_CONVERSION = YES;
				CLANG_WARN_INFINITE_RECURSION = YES;
				CLANG_WARN_INT_CONVERSION = YES;
				CLANG_WARN_OBJC_ROOT_CLASS = YES_ERROR;
				CLANG_WARN_SUSPICIOUS_MOVE = YES;
				CLANG_WARN_UNREACHABLE_CODE = YES;
				CLANG_WARN__DUPLICATE_METHOD_MATCH = YES;
				"CODE_SIGN_IDENTITY[sdk=iphoneos*]" = "iPhone Developer";
				COPY_PHASE_STRIP = NO;
				DEBUG_INFORMATION_FORMAT = "dwarf-with-dsym";
				ENABLE_NS_ASSERTIONS = NO;
				ENABLE_STRICT_OBJC_MSGSEND = YES;
				GCC_C_LANGUAGE_STANDARD = gnu99;
				GCC_NO_COMMON_BLOCKS = YES;
				GCC_WARN_64_TO_32_BIT_CONVERSION = YES;
				GCC_WARN_ABOUT_RETURN_TYPE = YES_ERROR;
				GCC_WARN_UNDECLARED_SELECTOR = YES;
				GCC_WARN_UNINITIALIZED_AUTOS = YES_AGGRESSIVE;
				GCC_WARN_UNUSED_FUNCTION = YES;
				GCC_WARN_UNUSED_VARIABLE = YES;
				IPHONEOS_DEPLOYMENT_TARGET = 10.3;
				MTL_ENABLE_DEBUG_INFO = NO;
				SDKROOT = iphoneos;
				SWIFT_OPTIMIZATION_LEVEL = "-Owholemodule";
				TARGETED_DEVICE_FAMILY = "1,2";
				VALIDATE_PRODUCT = YES;
			};
			name = Release;
		};
		567B38A01EB2DE2A0069EBFD /* Debug */ = {
			isa = XCBuildConfiguration;
			buildSettings = {
				ASSETCATALOG_COMPILER_APPICON_NAME = AppIcon;
				DEVELOPMENT_TEAM = TZ3GAYPH77;
				INFOPLIST_FILE = EasyNetwork/Info.plist;
				IPHONEOS_DEPLOYMENT_TARGET = 8.0;
				LD_RUNPATH_SEARCH_PATHS = "$(inherited) @executable_path/Frameworks";
				PRODUCT_BUNDLE_IDENTIFIER = com.ppsheep.EasyNetwork;
				PRODUCT_NAME = "$(TARGET_NAME)";
				SWIFT_VERSION = 3.0;
			};
			name = Debug;
		};
		567B38A11EB2DE2A0069EBFD /* Release */ = {
			isa = XCBuildConfiguration;
			buildSettings = {
				ASSETCATALOG_COMPILER_APPICON_NAME = AppIcon;
				DEVELOPMENT_TEAM = TZ3GAYPH77;
				INFOPLIST_FILE = EasyNetwork/Info.plist;
				IPHONEOS_DEPLOYMENT_TARGET = 8.0;
				LD_RUNPATH_SEARCH_PATHS = "$(inherited) @executable_path/Frameworks";
				PRODUCT_BUNDLE_IDENTIFIER = com.ppsheep.EasyNetwork;
				PRODUCT_NAME = "$(TARGET_NAME)";
				SWIFT_VERSION = 3.0;
			};
			name = Release;
		};
/* End XCBuildConfiguration section */

/* Begin XCConfigurationList section */
		567B38881EB2DE2A0069EBFD /* Build configuration list for PBXProject "EasyNetwork" */ = {
			isa = XCConfigurationList;
			buildConfigurations = (
				567B389D1EB2DE2A0069EBFD /* Debug */,
				567B389E1EB2DE2A0069EBFD /* Release */,
			);
			defaultConfigurationIsVisible = 0;
			defaultConfigurationName = Release;
		};
		567B389F1EB2DE2A0069EBFD /* Build configuration list for PBXNativeTarget "EasyNetwork" */ = {
			isa = XCConfigurationList;
			buildConfigurations = (
				567B38A01EB2DE2A0069EBFD /* Debug */,
				567B38A11EB2DE2A0069EBFD /* Release */,
			);
			defaultConfigurationIsVisible = 0;
			defaultConfigurationName = Release;
		};
/* End XCConfigurationList section */
	};
	rootObject = 567B38851EB2DE2A0069EBFD /* Project object */;
}
